# THIS IS AN AUTOGENERATED FILE. DO NOT EDIT THIS FILE DIRECTLY.
# yarn lockfile v1


gumshoejs@3.5.0:
  version "3.5.0"
  resolved "https://registry.yarnpkg.com/gumshoejs/-/gumshoejs-3.5.0.tgz#407f468e760d3817994f8afc107defa5fd4a7d0a"

stickybits@1.5.0:
  version "1.5.0"
  resolved "https://registry.yarnpkg.com/stickybits/-/stickybits-1.5.0.tgz#6c75393ce32587b06e3671ad2958d1feab0bbd30"
