# THIS IS AN AUTOGENERATED FILE. DO NOT EDIT THIS FILE DIRECTLY.
# yarn lockfile v1


gumshoejs@3.5.0:
  version "3.5.0"
  resolved "https://registry.yarnpkg.com/gumshoejs/-/gumshoejs-3.5.0.tgz#407f468e760d3817994f8afc107defa5fd4a7d0a"

stickybits@1.5.3:
  version "1.5.3"
  resolved "https://registry.yarnpkg.com/stickybits/-/stickybits-1.5.3.tgz#399cb46ba886e38f89eefbbdadf7c9f3fab4c30a"
